{
  "name": "package",
  "version": "1.0.0",
  "lockfileVersion": 2,
  "requires": true,
  "packages": {
    "": {
      "name": "package",
      "version": "1.0.0",
      "license": "ISC",
      "dependencies": {
        "@vant/weapp": "^1.9.2",
        "wux-weapp": "^3.8.8"
      }
    },
    "node_modules/@vant/weapp": {
      "version": "1.9.2",
      "resolved": "https://registry.npmjs.org/@vant/weapp/-/weapp-1.9.2.tgz",
      "integrity": "sha512-brz1JLiXZev4u6cQFyDrGX5xddOHKwKUDgfbUrpqMcpW+dliV4oXMtkDt0rRNfYcEHyfewbvW9O+aas6KJUJYw=="
    },
    "node_modules/wux-weapp": {
      "version": "3.8.8",
      "resolved": "https://registry.npmjs.org/wux-weapp/-/wux-weapp-3.8.8.tgz",
      "integrity": "sha512-11wgCSBQ6VM4kJnG7HI7QmSW++S1QTn8JBCkam3Ua9WIx/UcIMSLpIjkQ97oD5HsfjK34Mdy7sFjp+fHBSn0PA=="
    }
  },
  "dependencies": {
    "@vant/weapp": {
      "version": "1.9.2",
      "resolved": "https://registry.npmjs.org/@vant/weapp/-/weapp-1.9.2.tgz",
      "integrity": "sha512-brz1JLiXZev4u6cQFyDrGX5xddOHKwKUDgfbUrpqMcpW+dliV4oXMtkDt0rRNfYcEHyfewbvW9O+aas6KJUJYw=="
    },
    "wux-weapp": {
      "version": "3.8.8",
      "resolved": "https://registry.npmjs.org/wux-weapp/-/wux-weapp-3.8.8.tgz",
      "integrity": "sha512-11wgCSBQ6VM4kJnG7HI7QmSW++S1QTn8JBCkam3Ua9WIx/UcIMSLpIjkQ97oD5HsfjK34Mdy7sFjp+fHBSn0PA=="
    }
  }
}
